
Microsoft Visual Studio Solution File, Format Version 12.00
# Visual Studio Version 17
VisualStudioVersion = 17.5.002.0
MinimumVisualStudioVersion = 10.0.40219.1
Project("{9A19103F-16F7-4668-BE54-9A1E7A4F7556}") = "console-to-bricks-sqlWarehouse", "console-to-bricks-sqlWarehouse.csproj", "{E8C715D9-9FA2-43AD-BD12-7841ABF400F1}"
EndProject
Global
	GlobalSection(SolutionConfigurationPlatforms) = preSolution
		Debug|Any CPU = Debug|Any CPU
		Release|Any CPU = Release|Any CPU
	EndGlobalSection
	GlobalSection(ProjectConfigurationPlatforms) = postSolution
		{E8C715D9-9FA2-43AD-BD12-7841ABF400F1}.Debug|Any CPU.ActiveCfg = Debug|Any CPU
		{E8C715D9-9FA2-43AD-BD12-7841ABF400F1}.Debug|Any CPU.Build.0 = Debug|Any CPU
		{E8C715D9-9FA2-43AD-BD12-7841ABF400F1}.Release|Any CPU.ActiveCfg = Release|Any CPU
		{E8C715D9-9FA2-43AD-BD12-7841ABF400F1}.Release|Any CPU.Build.0 = Release|Any CPU
	EndGlobalSection
	GlobalSection(SolutionProperties) = preSolution
		HideSolutionNode = FALSE
	EndGlobalSection
	GlobalSection(ExtensibilityGlobals) = postSolution
		SolutionGuid = {D82D4D13-0218-42BF-860D-FEEE63C8DE5A}
	EndGlobalSection
EndGlobal
